<?xml version="1.0" encoding="utf-8"?>
<Project ToolsVersion="4.0" xmlns="http://schemas.microsoft.com/developer/msbuild/2003">
  <ItemGroup>
    <Filter Include="Source Files">
      <UniqueIdentifier>{4FC737F1-C7A5-4376-A066-2A32D752A2FF}</UniqueIdentifier>
      <Extensions>cpp;c;cc;cxx;def;odl;idl;hpj;bat;asm;asmx</Extensions>
    </Filter>
    <Filter Include="Header Files">
      <UniqueIdentifier>{93995380-89BD-4b04-88EB-625FBE52EBFB}</UniqueIdentifier>
      <Extensions>h;hh;hpp;hxx;hm;inl;inc;xsd</Extensions>
    </Filter>
    <Filter Include="Resource Files">
      <UniqueIdentifier>{67DA6AB6-F800-4c08-8B7A-83BB121AAD01}</UniqueIdentifier>
      <Extensions>rc;ico;cur;bmp;dlg;rc2;rct;bin;rgs;gif;jpg;jpeg;jpe;resx;tiff;tif;png;wav;mfcribbon-ms</Extensions>
    </Filter>
    <Filter Include="Source Files\boost">
      <UniqueIdentifier>{c288333c-5b49-4101-b867-4da4d008996b}</UniqueIdentifier>
    </Filter>
  </ItemGroup>
  <ItemGroup>
    <ClInclude Include="stdafx.h">
      <Filter>Header Files</Filter>
    </ClInclude>
    <ClInclude Include="targetver.h">
      <Filter>Header Files</Filter>
    </ClInclude>
    <ClInclude Include="OVRShim.h">
      <Filter>Header Files</Filter>
    </ClInclude>
    <ClInclude Include="shimhelper.h">
      <Filter>Header Files</Filter>
    </ClInclude>
    <ClInclude Include="OVR_StereoProjection.h">
      <Filter>Header Files</Filter>
    </ClInclude>
  </ItemGroup>
  <ItemGroup>
    <ClCompile Include="stdafx.cpp">
      <Filter>Source Files</Filter>
    </ClCompile>
    <ClCompile Include="dllmain.cpp">
      <Filter>Source Files</Filter>
    </ClCompile>
    <ClCompile Include="shimhelper.cpp">
      <Filter>Source Files</Filter>
    </ClCompile>
    <ClCompile Include="OVRShim.cpp">
      <Filter>Source Files</Filter>
    </ClCompile>
    <ClCompile Include="OVRShim_D3D.cpp">
      <Filter>Source Files</Filter>
    </ClCompile>
    <ClCompile Include="OVRShim_GL.cpp">
      <Filter>Source Files</Filter>
    </ClCompile>
    <ClCompile Include="$(MSBuildThisFileDirectory)..\..\lib\native\src\boost_log.attribute_name.cpp">
      <Filter>Source Files\boost</Filter>
    </ClCompile>
    <ClCompile Include="$(MSBuildThisFileDirectory)..\..\lib\native\src\boost_log.attribute_set.cpp">
      <Filter>Source Files\boost</Filter>
    </ClCompile>
    <ClCompile Include="$(MSBuildThisFileDirectory)..\..\lib\native\src\boost_log.attribute_value_set.cpp">
      <Filter>Source Files\boost</Filter>
    </ClCompile>
    <ClCompile Include="$(MSBuildThisFileDirectory)..\..\lib\native\src\boost_log.code_conversion.cpp">
      <Filter>Source Files\boost</Filter>
    </ClCompile>
    <ClCompile Include="$(MSBuildThisFileDirectory)..\..\lib\native\src\boost_log.core.cpp">
      <Filter>Source Files\boost</Filter>
    </ClCompile>
    <ClCompile Include="$(MSBuildThisFileDirectory)..\..\lib\native\src\boost_log.date_time_format_parser.cpp">
      <Filter>Source Files\boost</Filter>
    </ClCompile>
    <ClCompile Include="$(MSBuildThisFileDirectory)..\..\lib\native\src\boost_log.debug_output_backend.cpp">
      <Filter>Source Files\boost</Filter>
    </ClCompile>
    <ClCompile Include="$(MSBuildThisFileDirectory)..\..\lib\native\src\boost_log.default_attribute_names.cpp">
      <Filter>Source Files\boost</Filter>
    </ClCompile>
    <ClCompile Include="$(MSBuildThisFileDirectory)..\..\lib\native\src\boost_log.default_sink.cpp">
      <Filter>Source Files\boost</Filter>
    </ClCompile>
    <ClCompile Include="$(MSBuildThisFileDirectory)..\..\lib\native\src\boost_log.dump.cpp">
      <Filter>Source Files\boost</Filter>
    </ClCompile>
    <ClCompile Include="$(MSBuildThisFileDirectory)..\..\lib\native\src\boost_log.dump_avx2.cpp">
      <Filter>Source Files\boost</Filter>
    </ClCompile>
    <ClCompile Include="$(MSBuildThisFileDirectory)..\..\lib\native\src\boost_log.dump_ssse3.cpp">
      <Filter>Source Files\boost</Filter>
    </ClCompile>
    <ClCompile Include="$(MSBuildThisFileDirectory)..\..\lib\native\src\boost_log.event.cpp">
      <Filter>Source Files\boost</Filter>
    </ClCompile>
    <ClCompile Include="$(MSBuildThisFileDirectory)..\..\lib\native\src\boost_log.exceptions.cpp">
      <Filter>Source Files\boost</Filter>
    </ClCompile>
    <ClCompile Include="$(MSBuildThisFileDirectory)..\..\lib\native\src\boost_log.format_parser.cpp">
      <Filter>Source Files\boost</Filter>
    </ClCompile>
    <ClCompile Include="$(MSBuildThisFileDirectory)..\..\lib\native\src\boost_log.global_logger_storage.cpp">
      <Filter>Source Files\boost</Filter>
    </ClCompile>
    <ClCompile Include="$(MSBuildThisFileDirectory)..\..\lib\native\src\boost_log.light_rw_mutex.cpp">
      <Filter>Source Files\boost</Filter>
    </ClCompile>
    <ClCompile Include="$(MSBuildThisFileDirectory)..\..\lib\native\src\boost_log.named_scope.cpp">
      <Filter>Source Files\boost</Filter>
    </ClCompile>
    <ClCompile Include="$(MSBuildThisFileDirectory)..\..\lib\native\src\boost_log.named_scope_format_parser.cpp">
      <Filter>Source Files\boost</Filter>
    </ClCompile>
    <ClCompile Include="$(MSBuildThisFileDirectory)..\..\lib\native\src\boost_log.once_block.cpp">
      <Filter>Source Files\boost</Filter>
    </ClCompile>
    <ClCompile Include="$(MSBuildThisFileDirectory)..\..\lib\native\src\boost_log.process_id.cpp">
      <Filter>Source Files\boost</Filter>
    </ClCompile>
    <ClCompile Include="$(MSBuildThisFileDirectory)..\..\lib\native\src\boost_log.process_name.cpp">
      <Filter>Source Files\boost</Filter>
    </ClCompile>
    <ClCompile Include="$(MSBuildThisFileDirectory)..\..\lib\native\src\boost_log.record_ostream.cpp">
      <Filter>Source Files\boost</Filter>
    </ClCompile>
    <ClCompile Include="$(MSBuildThisFileDirectory)..\..\lib\native\src\boost_log.severity_level.cpp">
      <Filter>Source Files\boost</Filter>
    </ClCompile>
    <ClCompile Include="$(MSBuildThisFileDirectory)..\..\lib\native\src\boost_log.spirit_encoding.cpp">
      <Filter>Source Files\boost</Filter>
    </ClCompile>
    <ClCompile Include="$(MSBuildThisFileDirectory)..\..\lib\native\src\boost_log.syslog_backend.cpp">
      <Filter>Source Files\boost</Filter>
    </ClCompile>
    <ClCompile Include="$(MSBuildThisFileDirectory)..\..\lib\native\src\boost_log.text_file_backend.cpp">
      <Filter>Source Files\boost</Filter>
    </ClCompile>
    <ClCompile Include="$(MSBuildThisFileDirectory)..\..\lib\native\src\boost_log.text_multifile_backend.cpp">
      <Filter>Source Files\boost</Filter>
    </ClCompile>
    <ClCompile Include="$(MSBuildThisFileDirectory)..\..\lib\native\src\boost_log.text_ostream_backend.cpp">
      <Filter>Source Files\boost</Filter>
    </ClCompile>
    <ClCompile Include="$(MSBuildThisFileDirectory)..\..\lib\native\src\boost_log.thread_id.cpp">
      <Filter>Source Files\boost</Filter>
    </ClCompile>
    <ClCompile Include="$(MSBuildThisFileDirectory)..\..\lib\native\src\boost_log.thread_specific.cpp">
      <Filter>Source Files\boost</Filter>
    </ClCompile>
    <ClCompile Include="$(MSBuildThisFileDirectory)..\..\lib\native\src\boost_log.threadsafe_queue.cpp">
      <Filter>Source Files\boost</Filter>
    </ClCompile>
    <ClCompile Include="$(MSBuildThisFileDirectory)..\..\lib\native\src\boost_log.timer.cpp">
      <Filter>Source Files\boost</Filter>
    </ClCompile>
    <ClCompile Include="$(MSBuildThisFileDirectory)..\..\lib\native\src\boost_log.timestamp.cpp">
      <Filter>Source Files\boost</Filter>
    </ClCompile>
    <ClCompile Include="$(MSBuildThisFileDirectory)..\..\lib\native\src\boost_log.trivial.cpp">
      <Filter>Source Files\boost</Filter>
    </ClCompile>
    <ClCompile Include="$(MSBuildThisFileDirectory)..\..\lib\native\src\boost_log.unhandled_exception_count.cpp">
      <Filter>Source Files\boost</Filter>
    </ClCompile>
    <ClCompile Include="OVR_CAPI_Util.cpp">
      <Filter>Source Files</Filter>
    </ClCompile>
    <ClCompile Include="OVR_StereoProjection.cpp">
      <Filter>Source Files</Filter>
    </ClCompile>
  </ItemGroup>
  <ItemGroup>
    <None Include="packages.config" />
  </ItemGroup>
</Project>